<?xml version="1.0" encoding="UTF-8"?>
<CONFIG>
  <ProjectOptions>
    <Version Value="12"/>
    <PathDelim Value="\"/>
    <General>
      <Flags>
        <MainUnitHasCreateFormStatements Value="False"/>
        <MainUnitHasTitleStatement Value="False"/>
        <MainUnitHasScaledStatement Value="False"/>
      </Flags>
      <SessionStorage Value="InProjectDir"/>
      <Title Value="csonic"/>
      <UseAppBundle Value="False"/>
      <ResourceType Value="res"/>
    </General>
    <BuildModes>
      <Item Name="Default" Default="True"/>
    </BuildModes>
    <PublishOptions>
      <Version Value="2"/>
      <UseFileFilters Value="True"/>
    </PublishOptions>
    <RunParams>
      <FormatVersion Value="2"/>
    </RunParams>
    <Units>
      <Unit>
        <Filename Value="csonic.lpr"/>
        <IsPartOfProject Value="True"/>
      </Unit>
      <Unit>
        <Filename Value="src\app.pas"/>
        <IsPartOfProject Value="True"/>
      </Unit>
      <Unit>
        <Filename Value="engine\src\sdl\text.pas"/>
        <IsPartOfProject Value="True"/>
        <UnitName Value="Text"/>
      </Unit>
      <Unit>
        <Filename Value="engine\src\sdl\image.pas"/>
        <IsPartOfProject Value="True"/>
        <UnitName Value="Image"/>
      </Unit>
      <Unit>
        <Filename Value="engine\src\sdl\gfx_sdl.pas"/>
        <IsPartOfProject Value="True"/>
        <UnitName Value="GFX_SDL"/>
      </Unit>
      <Unit>
        <Filename Value="engine\src\sdl\gfx_sdl_core.pas"/>
        <IsPartOfProject Value="True"/>
        <UnitName Value="GFX_SDL_Core"/>
      </Unit>
      <Unit>
        <Filename Value="engine\src\sdl\keybrd.pas"/>
        <IsPartOfProject Value="True"/>
        <UnitName Value="Keybrd"/>
      </Unit>
      <Unit>
        <Filename Value="engine\src\sdl\sfx.pas"/>
        <IsPartOfProject Value="True"/>
      </Unit>
      <Unit>
        <Filename Value="engine\src\sdl\sys.pas"/>
        <IsPartOfProject Value="True"/>
        <UnitName Value="Sys"/>
      </Unit>
      <Unit>
        <Filename Value="engine\src\sdl\timer.pas"/>
        <IsPartOfProject Value="True"/>
        <UnitName Value="Timer"/>
      </Unit>
      <Unit>
        <Filename Value="src\common.pas"/>
        <IsPartOfProject Value="True"/>
      </Unit>
      <Unit>
        <Filename Value="src\entity.pas"/>
        <IsPartOfProject Value="True"/>
      </Unit>
      <Unit>
        <Filename Value="src\res\res.pas"/>
        <IsPartOfProject Value="True"/>
      </Unit>
      <Unit>
        <Filename Value="src\player.pas"/>
        <IsPartOfProject Value="True"/>
        <UnitName Value="Player"/>
      </Unit>
      <Unit>
        <Filename Value="src\entity.inc"/>
        <IsPartOfProject Value="True"/>
      </Unit>
    </Units>
  </ProjectOptions>
  <CompilerOptions>
    <Version Value="11"/>
    <PathDelim Value="\"/>
    <Target>
      <Filename Value="csonic"/>
    </Target>
    <SearchPaths>
      <IncludeFiles Value="$(ProjOutDir);engine\src\inc"/>
      <Libraries Value="C:\lazarus\fpc\3.2.2\units\SDL2\"/>
      <OtherUnitFiles Value="src;engine\src;engine\src\sdl;engine\external\sdl2;src\res"/>
      <UnitOutputDirectory Value="lib\$(TargetCPU)-$(TargetOS)"/>
    </SearchPaths>
    <Parsing>
      <SyntaxOptions>
        <SyntaxMode Value="tp"/>
        <UseAnsiStrings Value="False"/>
      </SyntaxOptions>
    </Parsing>
    <Linking>
      <Debugging>
        <DebugInfoType Value="dsDwarf2Set"/>
      </Debugging>
    </Linking>
  </CompilerOptions>
  <Debugging>
    <Exceptions>
      <Item>
        <Name Value="EAbort"/>
      </Item>
      <Item>
        <Name Value="ECodetoolError"/>
      </Item>
      <Item>
        <Name Value="EFOpenError"/>
      </Item>
    </Exceptions>
  </Debugging>
</CONFIG>
